
Microsoft Visual Studio Solution File, Format Version 12.00
# Visual Studio 2012
Project("{FAE04EC0-301F-11D3-BF4B-00C04F79EFBC}") = "UFIDA.U9.Helper", "UFIDA.U9.Helper.csproj", "{058C9C6D-583C-4D4C-858F-4FE4958BB97B}"
EndProject
Global
	GlobalSection(SolutionConfigurationPlatforms) = preSolution
		Debug|Any CPU = Debug|Any CPU
		Release|Any CPU = Release|Any CPU
	EndGlobalSection
	GlobalSection(ProjectConfigurationPlatforms) = postSolution
		{058C9C6D-583C-4D4C-858F-4FE4958BB97B}.Debug|Any CPU.ActiveCfg = Debug|Any CPU
		{058C9C6D-583C-4D4C-858F-4FE4958BB97B}.Debug|Any CPU.Build.0 = Debug|Any CPU
		{058C9C6D-583C-4D4C-858F-4FE4958BB97B}.Release|Any CPU.ActiveCfg = Release|Any CPU
		{058C9C6D-583C-4D4C-858F-4FE4958BB97B}.Release|Any CPU.Build.0 = Release|Any CPU
	EndGlobalSection
	GlobalSection(SolutionProperties) = preSolution
		HideSolutionNode = FALSE
	EndGlobalSection
EndGlobal
